
Microsoft Visual Studio Solution File, Format Version 12.00
# Visual Studio Version 17
VisualStudioVersion = 17.10.34928.147
MinimumVisualStudioVersion = 10.0.40219.1
Project("{FAE04EC0-301F-11D3-BF4B-00C04F79EFBC}") = "ResturantAPI", "ResturantAPI\ResturantAPI.csproj", "{F874C2BD-1EAA-42BC-B79A-2E9B78675E94}"
EndProject
Global
	GlobalSection(SolutionConfigurationPlatforms) = preSolution
		Debug|Any CPU = Debug|Any CPU
		Release|Any CPU = Release|Any CPU
	EndGlobalSection
	GlobalSection(ProjectConfigurationPlatforms) = postSolution
		{F874C2BD-1EAA-42BC-B79A-2E9B78675E94}.Debug|Any CPU.ActiveCfg = Debug|Any CPU
		{F874C2BD-1EAA-42BC-B79A-2E9B78675E94}.Debug|Any CPU.Build.0 = Debug|Any CPU
		{F874C2BD-1EAA-42BC-B79A-2E9B78675E94}.Release|Any CPU.ActiveCfg = Release|Any CPU
		{F874C2BD-1EAA-42BC-B79A-2E9B78675E94}.Release|Any CPU.Build.0 = Release|Any CPU
	EndGlobalSection
	GlobalSection(SolutionProperties) = preSolution
		HideSolutionNode = FALSE
	EndGlobalSection
	GlobalSection(ExtensibilityGlobals) = postSolution
		SolutionGuid = {201981AA-C6C9-4C67-91A6-5FF077072125}
	EndGlobalSection
EndGlobal
